{
  "name": "video-decode-test",
  "version": "1.0.0",
  "lockfileVersion": 3,
  "requires": true,
  "packages": {
    "": {
      "name": "video-decode-test",
      "version": "1.0.0",
      "dependencies": {
        "@webgpu/types": "^0.1.44"
      }
    },
    "node_modules/@webgpu/types": {
      "version": "0.1.44",
      "resolved": "https://registry.npmjs.org/@webgpu/types/-/types-0.1.44.tgz",
      "integrity": "sha512-JDpYJN5E/asw84LTYhKyvPpxGnD+bAKPtpW9Ilurf7cZpxaTbxkQcGwOd7jgB9BPBrTYQ+32ufo4HiuomTjHNQ==",
      "license": "BSD-3-Clause"
    }
  }
}
